
Microsoft Visual Studio Solution File, Format Version 12.00
# Visual Studio Version 17
VisualStudioVersion = 17.0.31521.260
MinimumVisualStudioVersion = 10.0.40219.1
Project("{9A19103F-16F7-4668-BE54-9A1E7A4F7556}") = "Convert to JPG", "Convert to JPG\Convert to JPG.csproj", "{50755486-5B2B-44D4-9A5B-8F1A46DEAF41}"
EndProject
Project("{2150E333-8FDC-42A3-9474-1A3956D46DE8}") = "Solution Items", "Solution Items", "{BA44729C-E704-4B59-87E8-9E730C536CCB}"
	ProjectSection(SolutionItems) = preProject
		.editorconfig = .editorconfig
	EndProjectSection
EndProject
Global
	GlobalSection(SolutionConfigurationPlatforms) = preSolution
		Debug|Any CPU = Debug|Any CPU
		Release|Any CPU = Release|Any CPU
	EndGlobalSection
	GlobalSection(ProjectConfigurationPlatforms) = postSolution
		{50755486-5B2B-44D4-9A5B-8F1A46DEAF41}.Debug|Any CPU.ActiveCfg = Debug|Any CPU
		{50755486-5B2B-44D4-9A5B-8F1A46DEAF41}.Debug|Any CPU.Build.0 = Debug|Any CPU
		{50755486-5B2B-44D4-9A5B-8F1A46DEAF41}.Release|Any CPU.ActiveCfg = Release|Any CPU
		{50755486-5B2B-44D4-9A5B-8F1A46DEAF41}.Release|Any CPU.Build.0 = Release|Any CPU
	EndGlobalSection
	GlobalSection(SolutionProperties) = preSolution
		HideSolutionNode = FALSE
	EndGlobalSection
	GlobalSection(ExtensibilityGlobals) = postSolution
		SolutionGuid = {AA0FE1D5-F431-466C-9010-C520DE4EC8E9}
	EndGlobalSection
EndGlobal
